
Microsoft Visual Studio Solution File, Format Version 12.00
# Visual Studio Version 17
VisualStudioVersion = 17.0.31903.59
MinimumVisualStudioVersion = 10.0.40219.1
Project("{9A19103F-16F7-4668-BE54-9A1E7A4F7556}") = "IziPlayGround.Server", "IziPlayGround.Server\IziPlayGround.Server.csproj", "{4FC5512D-523C-4006-9781-5428D220454F}"
EndProject
Project("{9A19103F-16F7-4668-BE54-9A1E7A4F7556}") = "QuickTest", "QuickTest\QuickTest.csproj", "{0E6B40B8-DBC2-49DA-A1A9-2FD9750493C7}"
EndProject
Project("{9A19103F-16F7-4668-BE54-9A1E7A4F7556}") = "TestPublishNugetPackage", "TestNuget\TestPublishNugetPackage.csproj", "{47E36695-2994-476E-B7F3-0CDECE4DE6DD}"
EndProject
Project("{2150E333-8FDC-42A3-9474-1A3956D46DE8}") = "src", "src", "{59631D35-CE44-4A38-8BD3-0110F7B831EE}"
EndProject
Project("{9A19103F-16F7-4668-BE54-9A1E7A4F7556}") = "IziAsyncEnumerables", "src\IziAsyncEnumerables\IziAsyncEnumerables.csproj", "{4D2F16FF-181C-4697-8A75-4213B63F7756}"
EndProject
Project("{2150E333-8FDC-42A3-9474-1A3956D46DE8}") = "tests", "tests", "{A515F07A-B8A2-4F57-9535-4101217A8E7B}"
EndProject
Project("{2150E333-8FDC-42A3-9474-1A3956D46DE8}") = "Solution Items", "Solution Items", "{B89245B2-0568-4AC9-B2F8-589D5B3E72B1}"
	ProjectSection(SolutionItems) = preProject
		.gitignore = .gitignore
		csc.rsp = csc.rsp
		Directory.Packages.props = Directory.Packages.props
		docker-compose.yml = docker-compose.yml
		dotcover.config.xml = dotcover.config.xml
		nuget.config = nuget.config
		README.md = README.md
	EndProjectSection
EndProject
Project("{9A19103F-16F7-4668-BE54-9A1E7A4F7556}") = "Playground.AspNetCore.MVC", "src\Playground.AspNetCore.MVC\Playground.AspNetCore.MVC.csproj", "{AC42A5A4-2966-4949-BE97-0F5B84290947}"
EndProject
Project("{9A19103F-16F7-4668-BE54-9A1E7A4F7556}") = "EFCore", "EFCore\EFCore.csproj", "{F8401B6F-DF90-4CA8-95B7-B62E26AB1B4A}"
EndProject
Project("{9A19103F-16F7-4668-BE54-9A1E7A4F7556}") = "Kafka", "src\Kafka\Kafka.csproj", "{A104022D-28F7-4B46-BF72-6F952B006BC8}"
EndProject
Project("{2150E333-8FDC-42A3-9474-1A3956D46DE8}") = "benchs", "benchs", "{9472F8D2-00AA-45D1-9066-C2D348C8E839}"
EndProject
Project("{9A19103F-16F7-4668-BE54-9A1E7A4F7556}") = "Unsafe", "src\UnsafE\Unsafe.csproj", "{D05FF268-5F69-49B1-B0B0-A269EB8B01EC}"
EndProject
Project("{9A19103F-16F7-4668-BE54-9A1E7A4F7556}") = "SwaggerExample", "SwaggerExample\SwaggerExample.csproj", "{DFBB9D2E-7821-4182-BD66-2EC6D3FACD7F}"
EndProject
Project("{9A19103F-16F7-4668-BE54-9A1E7A4F7556}") = "ResearchBuildPaths", "ResearchBuildPaths\ResearchBuildPaths.csproj", "{EBDFF7DC-2762-404E-83C7-B7C9AC97F792}"
EndProject
Global
	GlobalSection(SolutionConfigurationPlatforms) = preSolution
		Debug|Any CPU = Debug|Any CPU
		Release|Any CPU = Release|Any CPU
	EndGlobalSection
	GlobalSection(ProjectConfigurationPlatforms) = postSolution
		{4FC5512D-523C-4006-9781-5428D220454F}.Debug|Any CPU.ActiveCfg = Debug|Any CPU
		{4FC5512D-523C-4006-9781-5428D220454F}.Debug|Any CPU.Build.0 = Debug|Any CPU
		{4FC5512D-523C-4006-9781-5428D220454F}.Release|Any CPU.ActiveCfg = Release|Any CPU
		{4FC5512D-523C-4006-9781-5428D220454F}.Release|Any CPU.Build.0 = Release|Any CPU
		{0E6B40B8-DBC2-49DA-A1A9-2FD9750493C7}.Debug|Any CPU.ActiveCfg = Debug|Any CPU
		{0E6B40B8-DBC2-49DA-A1A9-2FD9750493C7}.Debug|Any CPU.Build.0 = Debug|Any CPU
		{0E6B40B8-DBC2-49DA-A1A9-2FD9750493C7}.Release|Any CPU.ActiveCfg = Release|Any CPU
		{0E6B40B8-DBC2-49DA-A1A9-2FD9750493C7}.Release|Any CPU.Build.0 = Release|Any CPU
		{47E36695-2994-476E-B7F3-0CDECE4DE6DD}.Debug|Any CPU.ActiveCfg = Debug|Any CPU
		{47E36695-2994-476E-B7F3-0CDECE4DE6DD}.Debug|Any CPU.Build.0 = Debug|Any CPU
		{47E36695-2994-476E-B7F3-0CDECE4DE6DD}.Release|Any CPU.ActiveCfg = Release|Any CPU
		{47E36695-2994-476E-B7F3-0CDECE4DE6DD}.Release|Any CPU.Build.0 = Release|Any CPU
		{4D2F16FF-181C-4697-8A75-4213B63F7756}.Debug|Any CPU.ActiveCfg = Debug|Any CPU
		{4D2F16FF-181C-4697-8A75-4213B63F7756}.Debug|Any CPU.Build.0 = Debug|Any CPU
		{4D2F16FF-181C-4697-8A75-4213B63F7756}.Release|Any CPU.ActiveCfg = Release|Any CPU
		{4D2F16FF-181C-4697-8A75-4213B63F7756}.Release|Any CPU.Build.0 = Release|Any CPU
		{AC42A5A4-2966-4949-BE97-0F5B84290947}.Debug|Any CPU.ActiveCfg = Debug|Any CPU
		{AC42A5A4-2966-4949-BE97-0F5B84290947}.Debug|Any CPU.Build.0 = Debug|Any CPU
		{AC42A5A4-2966-4949-BE97-0F5B84290947}.Release|Any CPU.ActiveCfg = Release|Any CPU
		{AC42A5A4-2966-4949-BE97-0F5B84290947}.Release|Any CPU.Build.0 = Release|Any CPU
		{F8401B6F-DF90-4CA8-95B7-B62E26AB1B4A}.Debug|Any CPU.ActiveCfg = Debug|Any CPU
		{F8401B6F-DF90-4CA8-95B7-B62E26AB1B4A}.Debug|Any CPU.Build.0 = Debug|Any CPU
		{F8401B6F-DF90-4CA8-95B7-B62E26AB1B4A}.Release|Any CPU.ActiveCfg = Release|Any CPU
		{F8401B6F-DF90-4CA8-95B7-B62E26AB1B4A}.Release|Any CPU.Build.0 = Release|Any CPU
		{A104022D-28F7-4B46-BF72-6F952B006BC8}.Debug|Any CPU.ActiveCfg = Debug|Any CPU
		{A104022D-28F7-4B46-BF72-6F952B006BC8}.Debug|Any CPU.Build.0 = Debug|Any CPU
		{A104022D-28F7-4B46-BF72-6F952B006BC8}.Release|Any CPU.ActiveCfg = Release|Any CPU
		{A104022D-28F7-4B46-BF72-6F952B006BC8}.Release|Any CPU.Build.0 = Release|Any CPU
		{D05FF268-5F69-49B1-B0B0-A269EB8B01EC}.Debug|Any CPU.ActiveCfg = Debug|Any CPU
		{D05FF268-5F69-49B1-B0B0-A269EB8B01EC}.Debug|Any CPU.Build.0 = Debug|Any CPU
		{D05FF268-5F69-49B1-B0B0-A269EB8B01EC}.Release|Any CPU.ActiveCfg = Release|Any CPU
		{D05FF268-5F69-49B1-B0B0-A269EB8B01EC}.Release|Any CPU.Build.0 = Release|Any CPU
		{DFBB9D2E-7821-4182-BD66-2EC6D3FACD7F}.Debug|Any CPU.ActiveCfg = Debug|Any CPU
		{DFBB9D2E-7821-4182-BD66-2EC6D3FACD7F}.Debug|Any CPU.Build.0 = Debug|Any CPU
		{DFBB9D2E-7821-4182-BD66-2EC6D3FACD7F}.Release|Any CPU.ActiveCfg = Release|Any CPU
		{DFBB9D2E-7821-4182-BD66-2EC6D3FACD7F}.Release|Any CPU.Build.0 = Release|Any CPU
		{EBDFF7DC-2762-404E-83C7-B7C9AC97F792}.Debug|Any CPU.ActiveCfg = Debug|Any CPU
		{EBDFF7DC-2762-404E-83C7-B7C9AC97F792}.Debug|Any CPU.Build.0 = Debug|Any CPU
		{EBDFF7DC-2762-404E-83C7-B7C9AC97F792}.Release|Any CPU.ActiveCfg = Release|Any CPU
		{EBDFF7DC-2762-404E-83C7-B7C9AC97F792}.Release|Any CPU.Build.0 = Release|Any CPU
	EndGlobalSection
	GlobalSection(SolutionProperties) = preSolution
		HideSolutionNode = FALSE
	EndGlobalSection
	GlobalSection(NestedProjects) = preSolution
		{4D2F16FF-181C-4697-8A75-4213B63F7756} = {59631D35-CE44-4A38-8BD3-0110F7B831EE}
		{AC42A5A4-2966-4949-BE97-0F5B84290947} = {59631D35-CE44-4A38-8BD3-0110F7B831EE}
		{F8401B6F-DF90-4CA8-95B7-B62E26AB1B4A} = {59631D35-CE44-4A38-8BD3-0110F7B831EE}
		{A104022D-28F7-4B46-BF72-6F952B006BC8} = {59631D35-CE44-4A38-8BD3-0110F7B831EE}
		{D05FF268-5F69-49B1-B0B0-A269EB8B01EC} = {59631D35-CE44-4A38-8BD3-0110F7B831EE}
		{DFBB9D2E-7821-4182-BD66-2EC6D3FACD7F} = {59631D35-CE44-4A38-8BD3-0110F7B831EE}
	EndGlobalSection
	GlobalSection(ExtensibilityGlobals) = postSolution
		SolutionGuid = {A0BDCAA0-811B-435D-B0A5-CE8EE24D7144}
	EndGlobalSection
EndGlobal
